        "@miniflare/d1": "^2.14.4",
    "node_modules/@fastify/busboy": {
      "version": "2.1.1",
      "resolved": "https://registry.npmjs.org/@fastify/busboy/-/busboy-2.1.1.tgz",
      "integrity": "sha512-vBZP4NlzfOlerQTnba4aqZoMhE/a9HY7HRqoOPaETQcSQuWEIyZMHGfVu6w9wGtGK5fED5qRs2DteVCjOH60sA==",
      "dev": true,
      "license": "MIT",
      "engines": {
        "node": ">=14"
      }
    },
    "node_modules/@iarna/toml": {
      "version": "2.2.5",
      "resolved": "https://registry.npmjs.org/@iarna/toml/-/toml-2.2.5.tgz",
      "integrity": "sha512-trnsAYxU3xnS1gPHPyU961coFyLkh4gAD/0zQ5mymY4yOZ+CYvsPqUbOFSw0aDM4y0tV7tiFxL/1XfXPNC6IPg==",
      "dev": true,
      "license": "ISC"
    },
    "node_modules/@miniflare/core": {
      "version": "2.14.4",
      "resolved": "https://registry.npmjs.org/@miniflare/core/-/core-2.14.4.tgz",
      "integrity": "sha512-FMmZcC1f54YpF4pDWPtdQPIO8NXfgUxCoR9uyrhxKJdZu7M6n8QKopPVNuaxR40jcsdxb7yKoQoFWnHfzJD9GQ==",
      "deprecated": "Miniflare v2 is no longer supported. Please upgrade to Miniflare v4",
      "dev": true,
      "license": "MIT",
      "dependencies": {
        "@iarna/toml": "^2.2.5",
        "@miniflare/queues": "2.14.4",
        "@miniflare/shared": "2.14.4",
        "@miniflare/watcher": "2.14.4",
        "busboy": "^1.6.0",
        "dotenv": "^10.0.0",
        "kleur": "^4.1.4",
        "set-cookie-parser": "^2.4.8",
        "undici": "5.28.4",
        "urlpattern-polyfill": "^4.0.3"
      },
      "engines": {
        "node": ">=16.13"
      }
    },
    "node_modules/@miniflare/core/node_modules/dotenv": {
      "version": "10.0.0",
      "resolved": "https://registry.npmjs.org/dotenv/-/dotenv-10.0.0.tgz",
      "integrity": "sha512-rlBi9d8jpv9Sf1klPjNfFAuWDjKLwTIJJ/VxtoTwIR6hnZxcEOQCZg2oIL3MWBYw5GpUDKOEnND7LXTbIpQ03Q==",
      "dev": true,
      "license": "BSD-2-Clause",
      "engines": {
        "node": ">=10"
      }
    },
    "node_modules/@miniflare/core/node_modules/undici": {
      "version": "5.28.4",
      "resolved": "https://registry.npmjs.org/undici/-/undici-5.28.4.tgz",
      "integrity": "sha512-72RFADWFqKmUb2hmmvNODKL3p9hcB6Gt2DOQMis1SEBaV6a4MH8soBvzg+95CYhCKPFedut2JY9bMfrDl9D23g==",
      "dev": true,
      "license": "MIT",
      "dependencies": {
        "@fastify/busboy": "^2.0.0"
      },
      "engines": {
        "node": ">=14.0"
      }
    },
    "node_modules/@miniflare/core/node_modules/urlpattern-polyfill": {
      "version": "4.0.3",
      "resolved": "https://registry.npmjs.org/urlpattern-polyfill/-/urlpattern-polyfill-4.0.3.tgz",
      "integrity": "sha512-DOE84vZT2fEcl9gqCUTcnAw5ZY5Id55ikUcziSUntuEFL3pRvavg5kwDmTEUJkeCHInTlV/HexFomgYnzO5kdQ==",
      "dev": true,
      "license": "MIT"
    },
    "node_modules/@miniflare/d1": {
      "version": "2.14.4",
      "resolved": "https://registry.npmjs.org/@miniflare/d1/-/d1-2.14.4.tgz",
      "integrity": "sha512-pMBVq9XWxTDdm+RRCkfXZP+bREjPg1JC8s8C0JTovA9OGmLQXqGTnFxIaS9vf1d8k3uSUGhDzPTzHr0/AUW1gA==",
      "deprecated": "Miniflare v2 is no longer supported. Please upgrade to Miniflare v4",
      "dev": true,
      "license": "MIT",
      "dependencies": {
        "@miniflare/core": "2.14.4",
        "@miniflare/shared": "2.14.4"
      },
      "engines": {
        "node": ">=16.7"
      }
    },
    "node_modules/@miniflare/queues": {
      "version": "2.14.4",
      "resolved": "https://registry.npmjs.org/@miniflare/queues/-/queues-2.14.4.tgz",
      "integrity": "sha512-aXQ5Ik8Iq1KGMBzGenmd6Js/jJgqyYvjom95/N9GptCGpiVWE5F0XqC1SL5rCwURbHN+aWY191o8XOFyY2nCUA==",
      "deprecated": "Miniflare v2 is no longer supported. Please upgrade to Miniflare v4",
      "dev": true,
      "license": "MIT",
      "dependencies": {
        "@miniflare/shared": "2.14.4"
      },
      "engines": {
        "node": ">=16.7"
      }
    },
    "node_modules/@miniflare/shared": {
      "version": "2.14.4",
      "resolved": "https://registry.npmjs.org/@miniflare/shared/-/shared-2.14.4.tgz",
      "integrity": "sha512-upl4RSB3hyCnITOFmRZjJj4A72GmkVrtfZTilkdq5Qe5TTlzsjVeDJp7AuNUM9bM8vswRo+N5jOiot6O4PVwwQ==",
      "deprecated": "Miniflare v2 is no longer supported. Please upgrade to Miniflare v4",
      "dev": true,
      "license": "MIT",
      "dependencies": {
        "@types/better-sqlite3": "^7.6.0",
        "kleur": "^4.1.4",
        "npx-import": "^1.1.4",
        "picomatch": "^2.3.1"
      },
      "engines": {
        "node": ">=16.13"
      }
    },
    "node_modules/@miniflare/shared/node_modules/picomatch": {
      "version": "2.3.1",
      "resolved": "https://registry.npmjs.org/picomatch/-/picomatch-2.3.1.tgz",
      "integrity": "sha512-JU3teHTNjmE2VCGFzuY8EXzCDVwEqB2a8fsIvwaStHhAWJEeVd1o1QD80CU6+ZdEXXSLbSsuLwJjkCBWqRQUVA==",
      "dev": true,
      "license": "MIT",
      "engines": {
        "node": ">=8.6"
      },
      "funding": {
        "url": "https://github.com/sponsors/jonschlinkert"
      }
    },
    "node_modules/@miniflare/watcher": {
      "version": "2.14.4",
      "resolved": "https://registry.npmjs.org/@miniflare/watcher/-/watcher-2.14.4.tgz",
      "integrity": "sha512-PYn05ET2USfBAeXF6NZfWl0O32KVyE8ncQ/ngysrh3hoIV7l3qGGH7ubeFx+D8VWQ682qYhwGygUzQv2j1tGGg==",
      "deprecated": "Miniflare v2 is no longer supported. Please upgrade to Miniflare v4",
      "dev": true,
      "license": "MIT",
      "dependencies": {
        "@miniflare/shared": "2.14.4"
      },
      "engines": {
        "node": ">=16.13"
      }
    },
    "node_modules/builtins": {
      "version": "5.1.0",
      "resolved": "https://registry.npmjs.org/builtins/-/builtins-5.1.0.tgz",
      "integrity": "sha512-SW9lzGTLvWTP1AY8xeAMZimqDrIaSdLQUcVr9DMef51niJ022Ri87SwRRKYm4A6iHfkPaiVUu/Duw2Wc4J7kKg==",
      "dev": true,
      "license": "MIT",
      "dependencies": {
        "semver": "^7.0.0"
      }
    },
    "node_modules/builtins/node_modules/semver": {
      "version": "7.7.2",
      "resolved": "https://registry.npmjs.org/semver/-/semver-7.7.2.tgz",
      "integrity": "sha512-RF0Fw+rO5AMf9MAyaRXI4AV0Ulj5lMHqVxxdSgiVbixSCXoEmmX/jk0CuJw4+3SqroYO9VoUh+HcuJivvtJemA==",
      "dev": true,
      "license": "ISC",
      "bin": {
        "semver": "bin/semver.js"
      },
      "engines": {
        "node": ">=10"
      }
    },
    "node_modules/npx-import": {
      "version": "1.1.4",
      "resolved": "https://registry.npmjs.org/npx-import/-/npx-import-1.1.4.tgz",
      "integrity": "sha512-3ShymTWOgqGyNlh5lMJAejLuIv3W1K3fbI5Ewc6YErZU3Sp0PqsNs8UIU1O8z5+KVl/Du5ag56Gza9vdorGEoA==",
      "dev": true,
      "license": "ISC",
      "dependencies": {
        "execa": "^6.1.0",
        "parse-package-name": "^1.0.0",
        "semver": "^7.3.7",
        "validate-npm-package-name": "^4.0.0"
      }
    },
    "node_modules/npx-import/node_modules/execa": {
      "version": "6.1.0",
      "resolved": "https://registry.npmjs.org/execa/-/execa-6.1.0.tgz",
      "integrity": "sha512-QVWlX2e50heYJcCPG0iWtf8r0xjEYfz/OYLGDYH+IyjWezzPNxz63qNFOu0l4YftGWuizFVZHHs8PrLU5p2IDA==",
      "dev": true,
      "license": "MIT",
      "dependencies": {
        "cross-spawn": "^7.0.3",
        "get-stream": "^6.0.1",
        "human-signals": "^3.0.1",
        "is-stream": "^3.0.0",
        "merge-stream": "^2.0.0",
        "npm-run-path": "^5.1.0",
        "onetime": "^6.0.0",
        "signal-exit": "^3.0.7",
        "strip-final-newline": "^3.0.0"
      },
      "engines": {
        "node": "^12.20.0 || ^14.13.1 || >=16.0.0"
      },
      "funding": {
        "url": "https://github.com/sindresorhus/execa?sponsor=1"
      }
    },
    "node_modules/npx-import/node_modules/human-signals": {
      "version": "3.0.1",
      "resolved": "https://registry.npmjs.org/human-signals/-/human-signals-3.0.1.tgz",
      "integrity": "sha512-rQLskxnM/5OCldHo+wNXbpVgDn5A17CUoKX+7Sokwaknlq7CdSnphy0W39GU8dw59XiCXmFXDg4fRuckQRKewQ==",
      "dev": true,
      "license": "Apache-2.0",
      "engines": {
        "node": ">=12.20.0"
      }
    },
    "node_modules/npx-import/node_modules/is-stream": {
      "version": "3.0.0",
      "resolved": "https://registry.npmjs.org/is-stream/-/is-stream-3.0.0.tgz",
      "integrity": "sha512-LnQR4bZ9IADDRSkvpqMGvt/tEJWclzklNgSw48V5EAaAeDd6qGvN8ei6k5p0tvxSR171VmGyHuTiAOfxAbr8kA==",
      "dev": true,
      "license": "MIT",
      "engines": {
        "node": "^12.20.0 || ^14.13.1 || >=16.0.0"
      },
      "funding": {
        "url": "https://github.com/sponsors/sindresorhus"
      }
    },
    "node_modules/npx-import/node_modules/mimic-fn": {
      "version": "4.0.0",
      "resolved": "https://registry.npmjs.org/mimic-fn/-/mimic-fn-4.0.0.tgz",
      "integrity": "sha512-vqiC06CuhBTUdZH+RYl8sFrL096vA45Ok5ISO6sE/Mr1jRbGH4Csnhi8f3wKVl7x8mO4Au7Ir9D3Oyv1VYMFJw==",
      "dev": true,
      "license": "MIT",
      "engines": {
        "node": ">=12"
      },
      "funding": {
        "url": "https://github.com/sponsors/sindresorhus"
      }
    },
    "node_modules/npx-import/node_modules/npm-run-path": {
      "version": "5.3.0",
      "resolved": "https://registry.npmjs.org/npm-run-path/-/npm-run-path-5.3.0.tgz",
      "integrity": "sha512-ppwTtiJZq0O/ai0z7yfudtBpWIoxM8yE6nHi1X47eFR2EWORqfbu6CnPlNsjeN683eT0qG6H/Pyf9fCcvjnnnQ==",
      "dev": true,
      "license": "MIT",
      "dependencies": {
        "path-key": "^4.0.0"
      },
      "engines": {
        "node": "^12.20.0 || ^14.13.1 || >=16.0.0"
      },
      "funding": {
        "url": "https://github.com/sponsors/sindresorhus"
      }
    },
    "node_modules/npx-import/node_modules/onetime": {
      "version": "6.0.0",
      "resolved": "https://registry.npmjs.org/onetime/-/onetime-6.0.0.tgz",
      "integrity": "sha512-1FlR+gjXK7X+AsAHso35MnyN5KqGwJRi/31ft6x0M194ht7S+rWAvd7PHss9xSKMzE0asv1pyIHaJYq+BbacAQ==",
      "dev": true,
      "license": "MIT",
      "dependencies": {
        "mimic-fn": "^4.0.0"
      },
      "engines": {
        "node": ">=12"
      },
      "funding": {
        "url": "https://github.com/sponsors/sindresorhus"
      }
    },
    "node_modules/npx-import/node_modules/path-key": {
      "version": "4.0.0",
      "resolved": "https://registry.npmjs.org/path-key/-/path-key-4.0.0.tgz",
      "integrity": "sha512-haREypq7xkM7ErfgIyA0z+Bj4AGKlMSdlQE2jvJo6huWD1EdkKYV+G/T4nq0YEF2vgTT8kqMFKo1uHn950r4SQ==",
      "dev": true,
      "license": "MIT",
      "engines": {
        "node": ">=12"
      },
      "funding": {
        "url": "https://github.com/sponsors/sindresorhus"
      }
    },
    "node_modules/npx-import/node_modules/semver": {
      "version": "7.7.2",
      "resolved": "https://registry.npmjs.org/semver/-/semver-7.7.2.tgz",
      "integrity": "sha512-RF0Fw+rO5AMf9MAyaRXI4AV0Ulj5lMHqVxxdSgiVbixSCXoEmmX/jk0CuJw4+3SqroYO9VoUh+HcuJivvtJemA==",
      "dev": true,
      "license": "ISC",
      "bin": {
        "semver": "bin/semver.js"
      },
      "engines": {
        "node": ">=10"
      }
    },
    "node_modules/npx-import/node_modules/strip-final-newline": {
      "version": "3.0.0",
      "resolved": "https://registry.npmjs.org/strip-final-newline/-/strip-final-newline-3.0.0.tgz",
      "integrity": "sha512-dOESqjYr96iWYylGObzd39EuNTa5VJxyvVAEm5Jnh7KGo75V43Hk1odPQkNDyXNmUR6k+gEiDVXnjB8HJ3crXw==",
      "dev": true,
      "license": "MIT",
      "engines": {
        "node": ">=12"
      },
      "funding": {
        "url": "https://github.com/sponsors/sindresorhus"
      }
    },
    "node_modules/parse-package-name": {
      "version": "1.0.0",
      "resolved": "https://registry.npmjs.org/parse-package-name/-/parse-package-name-1.0.0.tgz",
      "integrity": "sha512-kBeTUtcj+SkyfaW4+KBe0HtsloBJ/mKTPoxpVdA57GZiPerREsUWJOhVj9anXweFiJkm5y8FG1sxFZkZ0SN6wg==",
      "dev": true,
      "license": "MIT"
    },
    "node_modules/set-cookie-parser": {
      "version": "2.7.1",
      "resolved": "https://registry.npmjs.org/set-cookie-parser/-/set-cookie-parser-2.7.1.tgz",
      "integrity": "sha512-IOc8uWeOZgnb3ptbCURJWNjWUPcO3ZnTTdzsurqERrP6nPyv+paC55vJM0LpOlT2ne+Ix+9+CRG1MNLlyZ4GjQ==",
      "dev": true,
      "license": "MIT"
    },
    "node_modules/validate-npm-package-name": {
      "version": "4.0.0",
      "resolved": "https://registry.npmjs.org/validate-npm-package-name/-/validate-npm-package-name-4.0.0.tgz",
      "integrity": "sha512-mzR0L8ZDktZjpX4OB46KT+56MAhl4EIazWP/+G/HPGuvfdaqg4YsCdtOm6U9+LOFyYDoh4dpnpxZRB9MQQns5Q==",
      "dev": true,
      "license": "ISC",
      "dependencies": {
        "builtins": "^5.0.0"
      },
      "engines": {
        "node": "^12.13.0 || ^14.15.0 || >=16.0.0"
      }
    },
